
Microsoft Visual Studio Solution File, Format Version 12.00
# Visual Studio Version 17
VisualStudioVersion = 17.14.36221.1 d17.14
MinimumVisualStudioVersion = 10.0.40219.1
Project("{FAE04EC0-301F-11D3-BF4B-00C04F79EFBC}") = "E7_2_CadastroSolid", "E7_2_CadastroSolid.csproj", "{9AEACEB2-7461-41F8-9B30-6B7F70736180}"
EndProject
Global
	GlobalSection(SolutionConfigurationPlatforms) = preSolution
		Debug|Any CPU = Debug|Any CPU
		Release|Any CPU = Release|Any CPU
	EndGlobalSection
	GlobalSection(ProjectConfigurationPlatforms) = postSolution
		{9AEACEB2-7461-41F8-9B30-6B7F70736180}.Debug|Any CPU.ActiveCfg = Debug|Any CPU
		{9AEACEB2-7461-41F8-9B30-6B7F70736180}.Debug|Any CPU.Build.0 = Debug|Any CPU
		{9AEACEB2-7461-41F8-9B30-6B7F70736180}.Release|Any CPU.ActiveCfg = Release|Any CPU
		{9AEACEB2-7461-41F8-9B30-6B7F70736180}.Release|Any CPU.Build.0 = Release|Any CPU
	EndGlobalSection
	GlobalSection(SolutionProperties) = preSolution
		HideSolutionNode = FALSE
	EndGlobalSection
	GlobalSection(ExtensibilityGlobals) = postSolution
		SolutionGuid = {9920A0A9-FD30-4FEE-8B9C-39F2D174F8BE}
	EndGlobalSection
EndGlobal
