
Microsoft Visual Studio Solution File, Format Version 12.00
# Visual Studio Version 17
VisualStudioVersion = 17.14.36221.1 d17.14
MinimumVisualStudioVersion = 10.0.40219.1
Project("{FAE04EC0-301F-11D3-BF4B-00C04F79EFBC}") = "ioc_notificacao", "ioc_notificacao.csproj", "{6FCE0095-7E31-4660-80BD-B227468EEDB1}"
EndProject
Global
	GlobalSection(SolutionConfigurationPlatforms) = preSolution
		Debug|Any CPU = Debug|Any CPU
		Release|Any CPU = Release|Any CPU
	EndGlobalSection
	GlobalSection(ProjectConfigurationPlatforms) = postSolution
		{6FCE0095-7E31-4660-80BD-B227468EEDB1}.Debug|Any CPU.ActiveCfg = Debug|Any CPU
		{6FCE0095-7E31-4660-80BD-B227468EEDB1}.Debug|Any CPU.Build.0 = Debug|Any CPU
		{6FCE0095-7E31-4660-80BD-B227468EEDB1}.Release|Any CPU.ActiveCfg = Release|Any CPU
		{6FCE0095-7E31-4660-80BD-B227468EEDB1}.Release|Any CPU.Build.0 = Release|Any CPU
	EndGlobalSection
	GlobalSection(SolutionProperties) = preSolution
		HideSolutionNode = FALSE
	EndGlobalSection
	GlobalSection(ExtensibilityGlobals) = postSolution
		SolutionGuid = {7F02ED90-BC89-4B8D-A18D-3B4E2E131666}
	EndGlobalSection
EndGlobal
