
Microsoft Visual Studio Solution File, Format Version 12.00
# Visual Studio Version 17
VisualStudioVersion = 17.14.36221.1 d17.14
MinimumVisualStudioVersion = 10.0.40219.1
Project("{FAE04EC0-301F-11D3-BF4B-00C04F79EFBC}") = "NFSimplic", "NFSimplic.csproj", "{EB0E5F32-4217-4FB9-B503-C4137F4DDC50}"
EndProject
Global
	GlobalSection(SolutionConfigurationPlatforms) = preSolution
		Debug|Any CPU = Debug|Any CPU
		Release|Any CPU = Release|Any CPU
	EndGlobalSection
	GlobalSection(ProjectConfigurationPlatforms) = postSolution
		{EB0E5F32-4217-4FB9-B503-C4137F4DDC50}.Debug|Any CPU.ActiveCfg = Debug|Any CPU
		{EB0E5F32-4217-4FB9-B503-C4137F4DDC50}.Debug|Any CPU.Build.0 = Debug|Any CPU
		{EB0E5F32-4217-4FB9-B503-C4137F4DDC50}.Release|Any CPU.ActiveCfg = Release|Any CPU
		{EB0E5F32-4217-4FB9-B503-C4137F4DDC50}.Release|Any CPU.Build.0 = Release|Any CPU
	EndGlobalSection
	GlobalSection(SolutionProperties) = preSolution
		HideSolutionNode = FALSE
	EndGlobalSection
	GlobalSection(ExtensibilityGlobals) = postSolution
		SolutionGuid = {07EA5811-C0DD-47F6-B686-69E83B8CF1F6}
	EndGlobalSection
EndGlobal
