
Microsoft Visual Studio Solution File, Format Version 12.00
# Visual Studio Version 17
VisualStudioVersion = 17.14.36221.1 d17.14
MinimumVisualStudioVersion = 10.0.40219.1
Project("{FAE04EC0-301F-11D3-BF4B-00C04F79EFBC}") = "LojaSimples", "LojaSimples.csproj", "{AA09F941-5D71-4A4F-876A-E226520E984E}"
EndProject
Global
	GlobalSection(SolutionConfigurationPlatforms) = preSolution
		Debug|Any CPU = Debug|Any CPU
		Release|Any CPU = Release|Any CPU
	EndGlobalSection
	GlobalSection(ProjectConfigurationPlatforms) = postSolution
		{AA09F941-5D71-4A4F-876A-E226520E984E}.Debug|Any CPU.ActiveCfg = Debug|Any CPU
		{AA09F941-5D71-4A4F-876A-E226520E984E}.Debug|Any CPU.Build.0 = Debug|Any CPU
		{AA09F941-5D71-4A4F-876A-E226520E984E}.Release|Any CPU.ActiveCfg = Release|Any CPU
		{AA09F941-5D71-4A4F-876A-E226520E984E}.Release|Any CPU.Build.0 = Release|Any CPU
	EndGlobalSection
	GlobalSection(SolutionProperties) = preSolution
		HideSolutionNode = FALSE
	EndGlobalSection
	GlobalSection(ExtensibilityGlobals) = postSolution
		SolutionGuid = {409FEA84-E3FB-4EF0-A5AA-FAD5C11E0A84}
	EndGlobalSection
EndGlobal
